// !$*UTF8*$!
{
	archiveVersion = 1;
	classes = {
	};
	objectVersion = 77;
	objects = {

/* Begin PBXContainerItemProxy section */
		15ADD3F42ECF18C3001B6444 /* PBXContainerItemProxy */ = {
			isa = PBXContainerItemProxy;
			containerPortal = 15ADD3DE2ECF18C2001B6444 /* Project object */;
			proxyType = 1;
			remoteGlobalIDString = 15ADD3E52ECF18C2001B6444;
			remoteInfo = Djay;
		};
		15ADD3FE2ECF18C3001B6444 /* PBXContainerItemProxy */ = {
			isa = PBXContainerItemProxy;
			containerPortal = 15ADD3DE2ECF18C2001B6444 /* Project object */;
			proxyType = 1;
			remoteGlobalIDString = 15ADD3E52ECF18C2001B6444;
			remoteInfo = Djay;
		};
/* End PBXContainerItemProxy section */

/* Begin PBXFileReference section */
		15ADD3E62ECF18C2001B6444 /* Djay.app */ = {isa = PBXFileReference; explicitFileType = wrapper.application; includeInIndex = 0; path = Djay.app; sourceTree = BUILT_PRODUCTS_DIR; };
		15ADD3F32ECF18C3001B6444 /* DjayTests.xctest */ = {isa = PBXFileReference; explicitFileType = wrapper.cfbundle; includeInIndex = 0; path = DjayTests.xctest; sourceTree = BUILT_PRODUCTS_DIR; };
		15ADD3FD2ECF18C3001B6444 /* DjayUITests.xctest */ = {isa = PBXFileReference; explicitFileType = wrapper.cfbundle; includeInIndex = 0; path = DjayUITests.xctest; sourceTree = BUILT_PRODUCTS_DIR; };
/* End PBXFileReference section */

/* Begin PBXFileSystemSynchronizedBuildFileExceptionSet section */
		15ADD4842ECF1BC0001B6444 /* Exceptions for "Djay" folder in "Djay" target */ = {
			isa = PBXFileSystemSynchronizedBuildFileExceptionSet;
			membershipExceptions = (
				Info.plist,
			);
			target = 15ADD3E52ECF18C2001B6444 /* Djay */;
		};
/* End PBXFileSystemSynchronizedBuildFileExceptionSet section */

/* Begin PBXFileSystemSynchronizedRootGroup section */
		15ADD3E82ECF18C2001B6444 /* Djay */ = {
			isa = PBXFileSystemSynchronizedRootGroup;
			exceptions = (
				15ADD4842ECF1BC0001B6444 /* Exceptions for "Djay" folder in "Djay" target */,
			);
			path = Djay;
			sourceTree = "<group>";
		};
		15ADD3F62ECF18C3001B6444 /* DjayTests */ = {
			isa = PBXFileSystemSynchronizedRootGroup;
			path = DjayTests;
			sourceTree = "<group>";
		};
		15ADD4002ECF18C3001B6444 /* DjayUITests */ = {
			isa = PBXFileSystemSynchronizedRootGroup;
			path = DjayUITests;
			sourceTree = "<group>";
		};
/* End PBXFileSystemSynchronizedRootGroup section */

/* Begin PBXFrameworksBuildPhase section */
		15ADD3E32ECF18C2001B6444 /* Frameworks */ = {
			isa = PBXFrameworksBuildPhase;
			buildActionMask = 2147483647;
			files = (
			);
			runOnlyForDeploymentPostprocessing = 0;
		};
		15ADD3F02ECF18C3001B6444 /* Frameworks */ = {
			isa = PBXFrameworksBuildPhase;
			buildActionMask = 2147483647;
			files = (
			);
			runOnlyForDeploymentPostprocessing = 0;
		};
		15ADD3FA2ECF18C3001B6444 /* Frameworks */ = {
			isa = PBXFrameworksBuildPhase;
			buildActionMask = 2147483647;
			files = (
			);
			runOnlyForDeploymentPostprocessing = 0;
		};
/* End PBXFrameworksBuildPhase section */

/* Begin PBXGroup section */
		15ADD3DD2ECF18C2001B6444 = {
			isa = PBXGroup;
			children = (
				15ADD3E82ECF18C2001B6444 /* Djay */,
				15ADD3F62ECF18C3001B6444 /* DjayTests */,
				15ADD4002ECF18C3001B6444 /* DjayUITests */,
				15ADD3E72ECF18C2001B6444 /* Products */,
			);
			sourceTree = "<group>";
		};
		15ADD3E72ECF18C2001B6444 /* Products */ = {
			isa = PBXGroup;
			children = (
				15ADD3E62ECF18C2001B6444 /* Djay.app */,
				15ADD3F32ECF18C3001B6444 /* DjayTests.xctest */,
				15ADD3FD2ECF18C3001B6444 /* DjayUITests.xctest */,
			);
			name = Products;
			sourceTree = "<group>";
		};
/* End PBXGroup section */

/* Begin PBXNativeTarget section */
		15ADD3E52ECF18C2001B6444 /* Djay */ = {
			isa = PBXNativeTarget;
			buildConfigurationList = 15ADD4072ECF18C3001B6444 /* Build configuration list for PBXNativeTarget "Djay" */;
			buildPhases = (
				15ADD3E22ECF18C2001B6444 /* Sources */,
				15ADD3E32ECF18C2001B6444 /* Frameworks */,
				15ADD3E42ECF18C2001B6444 /* Resources */,
			);
			buildRules = (
			);
			dependencies = (
			);
			fileSystemSynchronizedGroups = (
				15ADD3E82ECF18C2001B6444 /* Djay */,
			);
			name = Djay;
			packageProductDependencies = (
			);
			productName = Djay;
			productReference = 15ADD3E62ECF18C2001B6444 /* Djay.app */;
			productType = "com.apple.product-type.application";
		};
		15ADD3F22ECF18C3001B6444 /* DjayTests */ = {
			isa = PBXNativeTarget;
			buildConfigurationList = 15ADD40A2ECF18C3001B6444 /* Build configuration list for PBXNativeTarget "DjayTests" */;
			buildPhases = (
				15ADD3EF2ECF18C3001B6444 /* Sources */,
				15ADD3F02ECF18C3001B6444 /* Frameworks */,
				15ADD3F12ECF18C3001B6444 /* Resources */,
			);
			buildRules = (
			);
			dependencies = (
				15ADD3F52ECF18C3001B6444 /* PBXTargetDependency */,
			);
			fileSystemSynchronizedGroups = (
				15ADD3F62ECF18C3001B6444 /* DjayTests */,
			);
			name = DjayTests;
			packageProductDependencies = (
			);
			productName = DjayTests;
			productReference = 15ADD3F32ECF18C3001B6444 /* DjayTests.xctest */;
			productType = "com.apple.product-type.bundle.unit-test";
		};
		15ADD3FC2ECF18C3001B6444 /* DjayUITests */ = {
			isa = PBXNativeTarget;
			buildConfigurationList = 15ADD40D2ECF18C3001B6444 /* Build configuration list for PBXNativeTarget "DjayUITests" */;
			buildPhases = (
				15ADD3F92ECF18C3001B6444 /* Sources */,
				15ADD3FA2ECF18C3001B6444 /* Frameworks */,
				15ADD3FB2ECF18C3001B6444 /* Resources */,
			);
			buildRules = (
			);
			dependencies = (
				15ADD3FF2ECF18C3001B6444 /* PBXTargetDependency */,
			);
			fileSystemSynchronizedGroups = (
				15ADD4002ECF18C3001B6444 /* DjayUITests */,
			);
			name = DjayUITests;
			packageProductDependencies = (
			);
			productName = DjayUITests;
			productReference = 15ADD3FD2ECF18C3001B6444 /* DjayUITests.xctest */;
			productType = "com.apple.product-type.bundle.ui-testing";
		};
/* End PBXNativeTarget section */

/* Begin PBXProject section */
		15ADD3DE2ECF18C2001B6444 /* Project object */ = {
			isa = PBXProject;
			attributes = {
				BuildIndependentTargetsInParallel = 1;
				LastSwiftUpdateCheck = 2600;
				LastUpgradeCheck = 2600;
				TargetAttributes = {
					15ADD3E52ECF18C2001B6444 = {
						CreatedOnToolsVersion = 26.0.1;
					};
					15ADD3F22ECF18C3001B6444 = {
						CreatedOnToolsVersion = 26.0.1;
						TestTargetID = 15ADD3E52ECF18C2001B6444;
					};
					15ADD3FC2ECF18C3001B6444 = {
						CreatedOnToolsVersion = 26.0.1;
						TestTargetID = 15ADD3E52ECF18C2001B6444;
					};
				};
			};
			buildConfigurationList = 15ADD3E12ECF18C2001B6444 /* Build configuration list for PBXProject "Djay" */;
			developmentRegion = en;
			hasScannedForEncodings = 0;
			knownRegions = (
				en,
				Base,
			);
			mainGroup = 15ADD3DD2ECF18C2001B6444;
			minimizedProjectReferenceProxies = 1;
			preferredProjectObjectVersion = 77;
			productRefGroup = 15ADD3E72ECF18C2001B6444 /* Products */;
			projectDirPath = "";
			projectRoot = "";
			targets = (
				15ADD3E52ECF18C2001B6444 /* Djay */,
				15ADD3F22ECF18C3001B6444 /* DjayTests */,
				15ADD3FC2ECF18C3001B6444 /* DjayUITests */,
			);
		};
/* End PBXProject section */

/* Begin PBXResourcesBuildPhase section */
		15ADD3E42ECF18C2001B6444 /* Resources */ = {
			isa = PBXResourcesBuildPhase;
			buildActionMask = 2147483647;
			files = (
			);
			runOnlyForDeploymentPostprocessing = 0;
		};
		15ADD3F12ECF18C3001B6444 /* Resources */ = {
			isa = PBXResourcesBuildPhase;
			buildActionMask = 2147483647;
			files = (
			);
			runOnlyForDeploymentPostprocessing = 0;
		};
		15ADD3FB2ECF18C3001B6444 /* Resources */ = {
			isa = PBXResourcesBuildPhase;
			buildActionMask = 2147483647;
			files = (
			);
			runOnlyForDeploymentPostprocessing = 0;
		};
/* End PBXResourcesBuildPhase section */

/* Begin PBXSourcesBuildPhase section */
		15ADD3E22ECF18C2001B6444 /* Sources */ = {
			isa = PBXSourcesBuildPhase;
			buildActionMask = 2147483647;
			files = (
			);
			runOnlyForDeploymentPostprocessing = 0;
		};
		15ADD3EF2ECF18C3001B6444 /* Sources */ = {
			isa = PBXSourcesBuildPhase;
			buildActionMask = 2147483647;
			files = (
			);
			runOnlyForDeploymentPostprocessing = 0;
		};
		15ADD3F92ECF18C3001B6444 /* Sources */ = {
			isa = PBXSourcesBuildPhase;
			buildActionMask = 2147483647;
			files = (
			);
			runOnlyForDeploymentPostprocessing = 0;
		};
/* End PBXSourcesBuildPhase section */

/* Begin PBXTargetDependency section */
		15ADD3F52ECF18C3001B6444 /* PBXTargetDependency */ = {
			isa = PBXTargetDependency;
			target = 15ADD3E52ECF18C2001B6444 /* Djay */;
			targetProxy = 15ADD3F42ECF18C3001B6444 /* PBXContainerItemProxy */;
		};
		15ADD3FF2ECF18C3001B6444 /* PBXTargetDependency */ = {
			isa = PBXTargetDependency;
			target = 15ADD3E52ECF18C2001B6444 /* Djay */;
			targetProxy = 15ADD3FE2ECF18C3001B6444 /* PBXContainerItemProxy */;
		};
/* End PBXTargetDependency section */

/* Begin XCBuildConfiguration section */
		15ADD4052ECF18C3001B6444 /* Debug */ = {
			isa = XCBuildConfiguration;
			buildSettings = {
				ALWAYS_SEARCH_USER_PATHS = NO;
				ASSETCATALOG_COMPILER_GENERATE_SWIFT_ASSET_SYMBOL_EXTENSIONS = YES;
				CLANG_ANALYZER_NONNULL = YES;
				CLANG_ANALYZER_NUMBER_OBJECT_CONVERSION = YES_AGGRESSIVE;
				CLANG_CXX_LANGUAGE_STANDARD = "gnu++20";
				CLANG_ENABLE_MODULES = YES;
				CLANG_ENABLE_OBJC_ARC = YES;
				CLANG_ENABLE_OBJC_WEAK = YES;
				CLANG_WARN_BLOCK_CAPTURE_AUTORELEASING = YES;
				CLANG_WARN_BOOL_CONVERSION = YES;
				CLANG_WARN_COMMA = YES;
				CLANG_WARN_CONSTANT_CONVERSION = YES;
				CLANG_WARN_DEPRECATED_OBJC_IMPLEMENTATIONS = YES;
				CLANG_WARN_DIRECT_OBJC_ISA_USAGE = YES_ERROR;
				CLANG_WARN_DOCUMENTATION_COMMENTS = YES;
				CLANG_WARN_EMPTY_BODY = YES;
				CLANG_WARN_ENUM_CONVERSION = YES;
				CLANG_WARN_INFINITE_RECURSION = YES;
				CLANG_WARN_INT_CONVERSION = YES;
				CLANG_WARN_NON_LITERAL_NULL_CONVERSION = YES;
				CLANG_WARN_OBJC_IMPLICIT_RETAIN_SELF = YES;
				CLANG_WARN_OBJC_LITERAL_CONVERSION = YES;
				CLANG_WARN_OBJC_ROOT_CLASS = YES_ERROR;
				CLANG_WARN_QUOTED_INCLUDE_IN_FRAMEWORK_HEADER = YES;
				CLANG_WARN_RANGE_LOOP_ANALYSIS = YES;
				CLANG_WARN_STRICT_PROTOTYPES = YES;
				CLANG_WARN_SUSPICIOUS_MOVE = YES;
				CLANG_WARN_UNGUARDED_AVAILABILITY = YES_AGGRESSIVE;
				CLANG_WARN_UNREACHABLE_CODE = YES;
				CLANG_WARN__DUPLICATE_METHOD_MATCH = YES;
				COPY_PHASE_STRIP = NO;
				DEBUG_INFORMATION_FORMAT = dwarf;
				ENABLE_STRICT_OBJC_MSGSEND = YES;
				ENABLE_TESTABILITY = YES;
				ENABLE_USER_SCRIPT_SANDBOXING = YES;
				GCC_C_LANGUAGE_STANDARD = gnu17;
				GCC_DYNAMIC_NO_PIC = NO;
				GCC_NO_COMMON_BLOCKS = YES;
				GCC_OPTIMIZATION_LEVEL = 0;
				GCC_PREPROCESSOR_DEFINITIONS = (
					"DEBUG=1",
					"$(inherited)",
				);
				GCC_WARN_64_TO_32_BIT_CONVERSION = YES;
				GCC_WARN_ABOUT_RETURN_TYPE = YES_ERROR;
				GCC_WARN_UNDECLARED_SELECTOR = YES;
				GCC_WARN_UNINITIALIZED_AUTOS = YES_AGGRESSIVE;
				GCC_WARN_UNUSED_FUNCTION = YES;
				GCC_WARN_UNUSED_VARIABLE = YES;
				LOCALIZATION_PREFERS_STRING_CATALOGS = YES;
				MTL_ENABLE_DEBUG_INFO = INCLUDE_SOURCE;
				MTL_FAST_MATH = YES;
				ONLY_ACTIVE_ARCH = YES;
				SWIFT_ACTIVE_COMPILATION_CONDITIONS = "DEBUG $(inherited)";
				SWIFT_OPTIMIZATION_LEVEL = "-Onone";
			};
			name = Debug;
		};
		15ADD4062ECF18C3001B6444 /* Release */ = {
			isa = XCBuildConfiguration;
			buildSettings = {
				ALWAYS_SEARCH_USER_PATHS = NO;
				ASSETCATALOG_COMPILER_GENERATE_SWIFT_ASSET_SYMBOL_EXTENSIONS = YES;
				CLANG_ANALYZER_NONNULL = YES;
				CLANG_ANALYZER_NUMBER_OBJECT_CONVERSION = YES_AGGRESSIVE;
				CLANG_CXX_LANGUAGE_STANDARD = "gnu++20";
				CLANG_ENABLE_MODULES = YES;
				CLANG_ENABLE_OBJC_ARC = YES;
				CLANG_ENABLE_OBJC_WEAK = YES;
				CLANG_WARN_BLOCK_CAPTURE_AUTORELEASING = YES;
				CLANG_WARN_BOOL_CONVERSION = YES;
				CLANG_WARN_COMMA = YES;
				CLANG_WARN_CONSTANT_CONVERSION = YES;
				CLANG_WARN_DEPRECATED_OBJC_IMPLEMENTATIONS = YES;
				CLANG_WARN_DIRECT_OBJC_ISA_USAGE = YES_ERROR;
				CLANG_WARN_DOCUMENTATION_COMMENTS = YES;
				CLANG_WARN_EMPTY_BODY = YES;
				CLANG_WARN_ENUM_CONVERSION = YES;
				CLANG_WARN_INFINITE_RECURSION = YES;
				CLANG_WARN_INT_CONVERSION = YES;
				CLANG_WARN_NON_LITERAL_NULL_CONVERSION = YES;
				CLANG_WARN_OBJC_IMPLICIT_RETAIN_SELF = YES;
				CLANG_WARN_OBJC_LITERAL_CONVERSION = YES;
				CLANG_WARN_OBJC_ROOT_CLASS = YES_ERROR;
				CLANG_WARN_QUOTED_INCLUDE_IN_FRAMEWORK_HEADER = YES;
				CLANG_WARN_RANGE_LOOP_ANALYSIS = YES;
				CLANG_WARN_STRICT_PROTOTYPES = YES;
				CLANG_WARN_SUSPICIOUS_MOVE = YES;
				CLANG_WARN_UNGUARDED_AVAILABILITY = YES_AGGRESSIVE;
				CLANG_WARN_UNREACHABLE_CODE = YES;
				CLANG_WARN__DUPLICATE_METHOD_MATCH = YES;
				COPY_PHASE_STRIP = NO;
				DEBUG_INFORMATION_FORMAT = "dwarf-with-dsym";
				ENABLE_NS_ASSERTIONS = NO;
				ENABLE_STRICT_OBJC_MSGSEND = YES;
				ENABLE_USER_SCRIPT_SANDBOXING = YES;
				GCC_C_LANGUAGE_STANDARD = gnu17;
				GCC_NO_COMMON_BLOCKS = YES;
				GCC_WARN_64_TO_32_BIT_CONVERSION = YES;
				GCC_WARN_ABOUT_RETURN_TYPE = YES_ERROR;
				GCC_WARN_UNDECLARED_SELECTOR = YES;
				GCC_WARN_UNINITIALIZED_AUTOS = YES_AGGRESSIVE;
				GCC_WARN_UNUSED_FUNCTION = YES;
				GCC_WARN_UNUSED_VARIABLE = YES;
				LOCALIZATION_PREFERS_STRING_CATALOGS = YES;
				MTL_ENABLE_DEBUG_INFO = NO;
				MTL_FAST_MATH = YES;
				SWIFT_COMPILATION_MODE = wholemodule;
			};
			name = Release;
		};
		15ADD4082ECF18C3001B6444 /* Debug */ = {
			isa = XCBuildConfiguration;
			buildSettings = {
				ASSETCATALOG_COMPILER_APPICON_NAME = AppIcon;
				ASSETCATALOG_COMPILER_GLOBAL_ACCENT_COLOR_NAME = AccentColor;
				CODE_SIGN_STYLE = Automatic;
				CURRENT_PROJECT_VERSION = 1;
				DEVELOPMENT_TEAM = FM9FC8WWXM;
				ENABLE_APP_SANDBOX = YES;
				ENABLE_USER_SELECTED_FILES = readonly;
				GENERATE_INFOPLIST_FILE = NO;
				INFOPLIST_FILE = Djay/Info.plist;
				"INFOPLIST_KEY_UIApplicationSceneManifest_Generation[sdk=iphoneos*]" = YES;
				"INFOPLIST_KEY_UIApplicationSceneManifest_Generation[sdk=iphonesimulator*]" = YES;
				"INFOPLIST_KEY_UIApplicationSupportsIndirectInputEvents[sdk=iphoneos*]" = YES;
				"INFOPLIST_KEY_UIApplicationSupportsIndirectInputEvents[sdk=iphonesimulator*]" = YES;
				"INFOPLIST_KEY_UIStatusBarStyle[sdk=iphoneos*]" = UIStatusBarStyleDefault;
				"INFOPLIST_KEY_UIStatusBarStyle[sdk=iphonesimulator*]" = UIStatusBarStyleDefault;
				INFOPLIST_KEY_UISupportedInterfaceOrientations_iPad = "UIInterfaceOrientationPortrait UIInterfaceOrientationPortraitUpsideDown UIInterfaceOrientationLandscapeLeft UIInterfaceOrientationLandscapeRight";
				INFOPLIST_KEY_UISupportedInterfaceOrientations_iPhone = "UIInterfaceOrientationPortrait UIInterfaceOrientationLandscapeLeft UIInterfaceOrientationLandscapeRight";
				IPHONEOS_DEPLOYMENT_TARGET = 15;
				LD_RUNPATH_SEARCH_PATHS = "@executable_path/Frameworks";
				"LD_RUNPATH_SEARCH_PATHS[sdk=macosx*]" = "@executable_path/../Frameworks";
				MACOSX_DEPLOYMENT_TARGET = 15.6;
				MARKETING_VERSION = 1.0;
				PRODUCT_BUNDLE_IDENTIFIER = habib.Djay;
				PRODUCT_NAME = "$(TARGET_NAME)";
				REGISTER_APP_GROUPS = YES;
				SDKROOT = auto;
				STRING_CATALOG_GENERATE_SYMBOLS = YES;
				SUPPORTED_PLATFORMS = "iphoneos iphonesimulator";
				SUPPORTS_MACCATALYST = NO;
				SWIFT_APPROACHABLE_CONCURRENCY = YES;
				SWIFT_DEFAULT_ACTOR_ISOLATION = MainActor;
				SWIFT_EMIT_LOC_STRINGS = YES;
				SWIFT_UPCOMING_FEATURE_MEMBER_IMPORT_VISIBILITY = YES;
				SWIFT_VERSION = 5.0;
				TARGETED_DEVICE_FAMILY = 1;
				XROS_DEPLOYMENT_TARGET = 26.0;
			};
			name = Debug;
		};
		15ADD4092ECF18C3001B6444 /* Release */ = {
			isa = XCBuildConfiguration;
			buildSettings = {
				ASSETCATALOG_COMPILER_APPICON_NAME = AppIcon;
				ASSETCATALOG_COMPILER_GLOBAL_ACCENT_COLOR_NAME = AccentColor;
				CODE_SIGN_STYLE = Automatic;
				CURRENT_PROJECT_VERSION = 1;
				DEVELOPMENT_TEAM = FM9FC8WWXM;
				ENABLE_APP_SANDBOX = YES;
				ENABLE_USER_SELECTED_FILES = readonly;
				GENERATE_INFOPLIST_FILE = NO;
				INFOPLIST_FILE = Djay/Info.plist;
				"INFOPLIST_KEY_UIApplicationSceneManifest_Generation[sdk=iphoneos*]" = YES;
				"INFOPLIST_KEY_UIApplicationSceneManifest_Generation[sdk=iphonesimulator*]" = YES;
				"INFOPLIST_KEY_UIApplicationSupportsIndirectInputEvents[sdk=iphoneos*]" = YES;
				"INFOPLIST_KEY_UIApplicationSupportsIndirectInputEvents[sdk=iphonesimulator*]" = YES;
				"INFOPLIST_KEY_UIStatusBarStyle[sdk=iphoneos*]" = UIStatusBarStyleDefault;
				"INFOPLIST_KEY_UIStatusBarStyle[sdk=iphonesimulator*]" = UIStatusBarStyleDefault;
				INFOPLIST_KEY_UISupportedInterfaceOrientations_iPad = "UIInterfaceOrientationPortrait UIInterfaceOrientationPortraitUpsideDown UIInterfaceOrientationLandscapeLeft UIInterfaceOrientationLandscapeRight";
				INFOPLIST_KEY_UISupportedInterfaceOrientations_iPhone = "UIInterfaceOrientationPortrait UIInterfaceOrientationLandscapeLeft UIInterfaceOrientationLandscapeRight";
				IPHONEOS_DEPLOYMENT_TARGET = 15;
				LD_RUNPATH_SEARCH_PATHS = "@executable_path/Frameworks";
				"LD_RUNPATH_SEARCH_PATHS[sdk=macosx*]" = "@executable_path/../Frameworks";
				MACOSX_DEPLOYMENT_TARGET = 15.6;
				MARKETING_VERSION = 1.0;
				PRODUCT_BUNDLE_IDENTIFIER = habib.Djay;
				PRODUCT_NAME = "$(TARGET_NAME)";
				REGISTER_APP_GROUPS = YES;
				SDKROOT = auto;
				STRING_CATALOG_GENERATE_SYMBOLS = YES;
				SUPPORTED_PLATFORMS = "iphoneos iphonesimulator";
				SUPPORTS_MACCATALYST = NO;
				SWIFT_APPROACHABLE_CONCURRENCY = YES;
				SWIFT_DEFAULT_ACTOR_ISOLATION = MainActor;
				SWIFT_EMIT_LOC_STRINGS = YES;
				SWIFT_UPCOMING_FEATURE_MEMBER_IMPORT_VISIBILITY = YES;
				SWIFT_VERSION = 5.0;
				TARGETED_DEVICE_FAMILY = 1;
				XROS_DEPLOYMENT_TARGET = 26.0;
			};
			name = Release;
		};
		15ADD40B2ECF18C3001B6444 /* Debug */ = {
			isa = XCBuildConfiguration;
			buildSettings = {
				BUNDLE_LOADER = "$(TEST_HOST)";
				CODE_SIGN_STYLE = Automatic;
				CURRENT_PROJECT_VERSION = 1;
				GENERATE_INFOPLIST_FILE = NO;
				INFOPLIST_FILE = Djay/Info.plist;
				IPHONEOS_DEPLOYMENT_TARGET = 26.0;
				MACOSX_DEPLOYMENT_TARGET = 15.6;
				MARKETING_VERSION = 1.0;
				PRODUCT_BUNDLE_IDENTIFIER = habib.DjayTests;
				PRODUCT_NAME = "$(TARGET_NAME)";
				SDKROOT = auto;
				STRING_CATALOG_GENERATE_SYMBOLS = NO;
				SUPPORTED_PLATFORMS = "iphoneos iphonesimulator macosx xros xrsimulator";
				SWIFT_APPROACHABLE_CONCURRENCY = YES;
				SWIFT_EMIT_LOC_STRINGS = NO;
				SWIFT_UPCOMING_FEATURE_MEMBER_IMPORT_VISIBILITY = YES;
				SWIFT_VERSION = 5.0;
				TARGETED_DEVICE_FAMILY = "1,2,7";
				TEST_HOST = "$(BUILT_PRODUCTS_DIR)/Djay.app/$(BUNDLE_EXECUTABLE_FOLDER_PATH)/Djay";
				XROS_DEPLOYMENT_TARGET = 26.0;
			};
			name = Debug;
		};
		15ADD40C2ECF18C3001B6444 /* Release */ = {
			isa = XCBuildConfiguration;
			buildSettings = {
				BUNDLE_LOADER = "$(TEST_HOST)";
				CODE_SIGN_STYLE = Automatic;
				CURRENT_PROJECT_VERSION = 1;
				GENERATE_INFOPLIST_FILE = NO;
				INFOPLIST_FILE = Djay/Info.plist;
				IPHONEOS_DEPLOYMENT_TARGET = 26.0;
				MACOSX_DEPLOYMENT_TARGET = 15.6;
				MARKETING_VERSION = 1.0;
				PRODUCT_BUNDLE_IDENTIFIER = habib.DjayTests;
				PRODUCT_NAME = "$(TARGET_NAME)";
				SDKROOT = auto;
				STRING_CATALOG_GENERATE_SYMBOLS = NO;
				SUPPORTED_PLATFORMS = "iphoneos iphonesimulator macosx xros xrsimulator";
				SWIFT_APPROACHABLE_CONCURRENCY = YES;
				SWIFT_EMIT_LOC_STRINGS = NO;
				SWIFT_UPCOMING_FEATURE_MEMBER_IMPORT_VISIBILITY = YES;
				SWIFT_VERSION = 5.0;
				TARGETED_DEVICE_FAMILY = "1,2,7";
				TEST_HOST = "$(BUILT_PRODUCTS_DIR)/Djay.app/$(BUNDLE_EXECUTABLE_FOLDER_PATH)/Djay";
				XROS_DEPLOYMENT_TARGET = 26.0;
			};
			name = Release;
		};
		15ADD40E2ECF18C3001B6444 /* Debug */ = {
			isa = XCBuildConfiguration;
			buildSettings = {
				CODE_SIGN_STYLE = Automatic;
				CURRENT_PROJECT_VERSION = 1;
				GENERATE_INFOPLIST_FILE = NO;
				INFOPLIST_FILE = Djay/Info.plist;
				IPHONEOS_DEPLOYMENT_TARGET = 26.0;
				MACOSX_DEPLOYMENT_TARGET = 15.6;
				MARKETING_VERSION = 1.0;
				PRODUCT_BUNDLE_IDENTIFIER = habib.DjayUITests;
				PRODUCT_NAME = "$(TARGET_NAME)";
				SDKROOT = auto;
				STRING_CATALOG_GENERATE_SYMBOLS = NO;
				SUPPORTED_PLATFORMS = "iphoneos iphonesimulator macosx xros xrsimulator";
				SWIFT_APPROACHABLE_CONCURRENCY = YES;
				SWIFT_EMIT_LOC_STRINGS = NO;
				SWIFT_UPCOMING_FEATURE_MEMBER_IMPORT_VISIBILITY = YES;
				SWIFT_VERSION = 5.0;
				TARGETED_DEVICE_FAMILY = "1,2,7";
				TEST_TARGET_NAME = Djay;
				XROS_DEPLOYMENT_TARGET = 26.0;
			};
			name = Debug;
		};
		15ADD40F2ECF18C3001B6444 /* Release */ = {
			isa = XCBuildConfiguration;
			buildSettings = {
				CODE_SIGN_STYLE = Automatic;
				CURRENT_PROJECT_VERSION = 1;
				GENERATE_INFOPLIST_FILE = NO;
				INFOPLIST_FILE = Djay/Info.plist;
				IPHONEOS_DEPLOYMENT_TARGET = 26.0;
				MACOSX_DEPLOYMENT_TARGET = 15.6;
				MARKETING_VERSION = 1.0;
				PRODUCT_BUNDLE_IDENTIFIER = habib.DjayUITests;
				PRODUCT_NAME = "$(TARGET_NAME)";
				SDKROOT = auto;
				STRING_CATALOG_GENERATE_SYMBOLS = NO;
				SUPPORTED_PLATFORMS = "iphoneos iphonesimulator macosx xros xrsimulator";
				SWIFT_APPROACHABLE_CONCURRENCY = YES;
				SWIFT_EMIT_LOC_STRINGS = NO;
				SWIFT_UPCOMING_FEATURE_MEMBER_IMPORT_VISIBILITY = YES;
				SWIFT_VERSION = 5.0;
				TARGETED_DEVICE_FAMILY = "1,2,7";
				TEST_TARGET_NAME = Djay;
				XROS_DEPLOYMENT_TARGET = 26.0;
			};
			name = Release;
		};
/* End XCBuildConfiguration section */

/* Begin XCConfigurationList section */
		15ADD3E12ECF18C2001B6444 /* Build configuration list for PBXProject "Djay" */ = {
			isa = XCConfigurationList;
			buildConfigurations = (
				15ADD4052ECF18C3001B6444 /* Debug */,
				15ADD4062ECF18C3001B6444 /* Release */,
			);
			defaultConfigurationIsVisible = 0;
			defaultConfigurationName = Release;
		};
		15ADD4072ECF18C3001B6444 /* Build configuration list for PBXNativeTarget "Djay" */ = {
			isa = XCConfigurationList;
			buildConfigurations = (
				15ADD4082ECF18C3001B6444 /* Debug */,
				15ADD4092ECF18C3001B6444 /* Release */,
			);
			defaultConfigurationIsVisible = 0;
			defaultConfigurationName = Release;
		};
		15ADD40A2ECF18C3001B6444 /* Build configuration list for PBXNativeTarget "DjayTests" */ = {
			isa = XCConfigurationList;
			buildConfigurations = (
				15ADD40B2ECF18C3001B6444 /* Debug */,
				15ADD40C2ECF18C3001B6444 /* Release */,
			);
			defaultConfigurationIsVisible = 0;
			defaultConfigurationName = Release;
		};
		15ADD40D2ECF18C3001B6444 /* Build configuration list for PBXNativeTarget "DjayUITests" */ = {
			isa = XCConfigurationList;
			buildConfigurations = (
				15ADD40E2ECF18C3001B6444 /* Debug */,
				15ADD40F2ECF18C3001B6444 /* Release */,
			);
			defaultConfigurationIsVisible = 0;
			defaultConfigurationName = Release;
		};
/* End XCConfigurationList section */
	};
	rootObject = 15ADD3DE2ECF18C2001B6444 /* Project object */;
}
